
Microsoft Visual Studio Solution File, Format Version 12.00
# Visual Studio 15
VisualStudioVersion = 15.0.27130.2026
MinimumVisualStudioVersion = 10.0.40219.1
Project("{8BC9CEB8-8B4A-11D0-8D11-00A0C91BC942}") = "ArduinoLibrary1", "ArduinoLibrary1\ArduinoLibrary1.vcxitems", "{2449D784-17B6-42C7-8269-C6F3C6C2B306}"
EndProject
Global
	GlobalSection(SolutionProperties) = preSolution
		HideSolutionNode = FALSE
	EndGlobalSection
	GlobalSection(ExtensibilityGlobals) = postSolution
		SolutionGuid = {A5CE3BA6-1251-4230-AD0E-1A5E8EEE113B}
	EndGlobalSection
EndGlobal
