
Microsoft Visual Studio Solution File, Format Version 12.00
# Visual Studio 15
VisualStudioVersion = 15.0.27130.2036
MinimumVisualStudioVersion = 10.0.40219.1
Project("{888888A0-9F3D-457C-B088-3A5042F75D52}") = "CV-Only", "CV-Build\CV-Only.pyproj", "{71ED4933-5508-4C73-BCA8-FEBB1009FE56}"
EndProject
Project("{888888A0-9F3D-457C-B088-3A5042F75D52}") = "FLASK-I2C-CV", "robo-Vision\FLASK-I2C-CV.pyproj", "{D8BE6512-D317-4C88-84B1-253AD6C6B272}"
EndProject
Project("{888888A0-9F3D-457C-B088-3A5042F75D52}") = "I2C-CV-RASPI", "RPI_I2C_CV\I2C-CV-RASPI.pyproj", "{61128BEC-8EAA-4A20-81EA-BB627B261C44}"
EndProject
Global
	GlobalSection(SolutionConfigurationPlatforms) = preSolution
		Debug|Any CPU = Debug|Any CPU
		Release|Any CPU = Release|Any CPU
	EndGlobalSection
	GlobalSection(ProjectConfigurationPlatforms) = postSolution
		{71ED4933-5508-4C73-BCA8-FEBB1009FE56}.Debug|Any CPU.ActiveCfg = Debug|Any CPU
		{71ED4933-5508-4C73-BCA8-FEBB1009FE56}.Release|Any CPU.ActiveCfg = Release|Any CPU
		{D8BE6512-D317-4C88-84B1-253AD6C6B272}.Debug|Any CPU.ActiveCfg = Debug|Any CPU
		{D8BE6512-D317-4C88-84B1-253AD6C6B272}.Release|Any CPU.ActiveCfg = Release|Any CPU
		{61128BEC-8EAA-4A20-81EA-BB627B261C44}.Debug|Any CPU.ActiveCfg = Debug|Any CPU
		{61128BEC-8EAA-4A20-81EA-BB627B261C44}.Release|Any CPU.ActiveCfg = Release|Any CPU
	EndGlobalSection
	GlobalSection(SolutionProperties) = preSolution
		HideSolutionNode = FALSE
	EndGlobalSection
	GlobalSection(ExtensibilityGlobals) = postSolution
		SolutionGuid = {A2166493-46DD-4E7A-A8F8-09C884F0C744}
	EndGlobalSection
EndGlobal
